
Microsoft Visual Studio Solution File, Format Version 12.00
# Visual Studio Version 16
VisualStudioVersion = 16.0.31624.102
MinimumVisualStudioVersion = 10.0.40219.1
Project("{FAE04EC0-301F-11D3-BF4B-00C04F79EFBC}") = "IBankRestWebService", "IBankRestWebService\IBankRestWebService.csproj", "{70790698-4D7B-4864-9322-B59A96B4E4C0}"
EndProject
Global
	GlobalSection(SolutionConfigurationPlatforms) = preSolution
		Debug|Any CPU = Debug|Any CPU
		Release|Any CPU = Release|Any CPU
	EndGlobalSection
	GlobalSection(ProjectConfigurationPlatforms) = postSolution
		{70790698-4D7B-4864-9322-B59A96B4E4C0}.Debug|Any CPU.ActiveCfg = Debug|Any CPU
		{70790698-4D7B-4864-9322-B59A96B4E4C0}.Debug|Any CPU.Build.0 = Debug|Any CPU
		{70790698-4D7B-4864-9322-B59A96B4E4C0}.Release|Any CPU.ActiveCfg = Release|Any CPU
		{70790698-4D7B-4864-9322-B59A96B4E4C0}.Release|Any CPU.Build.0 = Release|Any CPU
	EndGlobalSection
	GlobalSection(SolutionProperties) = preSolution
		HideSolutionNode = FALSE
	EndGlobalSection
	GlobalSection(ExtensibilityGlobals) = postSolution
		SolutionGuid = {140027AD-EFB4-4700-832F-078ECF569544}
	EndGlobalSection
EndGlobal
